
Microsoft Visual Studio Solution File, Format Version 12.00
# Visual Studio Version 17
VisualStudioVersion = 17.3.32825.248
MinimumVisualStudioVersion = 10.0.40219.1
Project("{8BC9CEB8-8B4A-11D0-8D11-00A0C91BC942}") = "hello", "hello\hello.vcxproj", "{6612336D-0BFB-4B8B-BA91-1C33A653354D}"
EndProject
Global
	GlobalSection(SolutionConfigurationPlatforms) = preSolution
		Debug|x64 = Debug|x64
		Release|x64 = Release|x64
	EndGlobalSection
	GlobalSection(ProjectConfigurationPlatforms) = postSolution
		{6612336D-0BFB-4B8B-BA91-1C33A653354D}.Debug|x64.ActiveCfg = Debug|x64
		{6612336D-0BFB-4B8B-BA91-1C33A653354D}.Debug|x64.Build.0 = Debug|x64
		{6612336D-0BFB-4B8B-BA91-1C33A653354D}.Release|x64.ActiveCfg = Release|x64
		{6612336D-0BFB-4B8B-BA91-1C33A653354D}.Release|x64.Build.0 = Release|x64
	EndGlobalSection
	GlobalSection(SolutionProperties) = preSolution
		HideSolutionNode = FALSE
	EndGlobalSection
	GlobalSection(ExtensibilityGlobals) = postSolution
		SolutionGuid = {0CA37FD2-7438-40B2-8B83-58A07DB1F28A}
	EndGlobalSection
EndGlobal
